schema: '2.0'
stages:
  download:
    cmd: python3 dataset-download.py
    deps:
    - path: dataset-download.py
      hash: md5
      md5: 9866645ae5750436412d2cd80053ad5a
      size: 895
    outs:
    - path: data/raw
      hash: md5
      md5: e252d2c8ba36d1ab3e21a873ab62daa3.dir
      size: 356712185
      nfiles: 9
  preprocess:
    cmd: python3 preprocess.py
    deps:
    - path: data/raw
      hash: md5
      md5: e252d2c8ba36d1ab3e21a873ab62daa3.dir
      size: 356712185
      nfiles: 9
    - path: preprocess.py
      hash: md5
      md5: cfe5e412a996c6cddc7c7592c402ea11
      size: 1555
    outs:
    - path: artifacts/classes.json
      hash: md5
      md5: d49197c097f2c55a828af76fcdf0b7e4
      size: 112
    - path: data/processed
      hash: md5
      md5: b54e5ce0578b15c2d6a52023230a774e.dir
      size: 208
      nfiles: 1
  train:
    cmd: python3 train.py
    deps:
    - path: data/raw
      hash: md5
      md5: e252d2c8ba36d1ab3e21a873ab62daa3.dir
      size: 356712185
      nfiles: 9
    - path: model_utils.py
      hash: md5
      md5: 69480a6f30b8b86cfde10391894e0e2f
      size: 454
    - path: params.yaml
      hash: md5
      md5: 8d46263427d94b2d6944e1d17e6fc194
      size: 400
    - path: train.py
      hash: md5
      md5: 5d42c43d8985bd7414226c38ba268892
      size: 4844
    outs:
    - path: artifacts/metrics.json
      hash: md5
      md5: fe65870e5c1f4f8afb45b7a03e20b81d
      size: 267
    - path: artifacts/model.pt
      hash: md5
      md5: 4d4024fa0d4f6a43101d6314afff7e75
      size: 537215534
  evaluate:
    cmd: python3 evaluate.py
    deps:
    - path: artifacts/model.pt
      hash: md5
      md5: 4d4024fa0d4f6a43101d6314afff7e75
      size: 537215534
    - path: data/raw
      hash: md5
      md5: e252d2c8ba36d1ab3e21a873ab62daa3.dir
      size: 356712185
      nfiles: 9
    - path: evaluate.py
      hash: md5
      md5: 1930b951cce8df93f51e06d175952cde
      size: 2695
    - path: model_utils.py
      hash: md5
      md5: 69480a6f30b8b86cfde10391894e0e2f
      size: 454
    - path: params.yaml
      hash: md5
      md5: 8d46263427d94b2d6944e1d17e6fc194
      size: 400
